
Microsoft Visual Studio Solution File, Format Version 12.00
# Visual Studio Version 17
VisualStudioVersion = 17.11.35327.3
MinimumVisualStudioVersion = 10.0.40219.1
Project("{FAE04EC0-301F-11D3-BF4B-00C04F79EFBC}") = "Products_and_Parts", "Products_and_Parts.csproj", "{4B069453-AFEE-4BFA-91BB-AFCEF2DF78EB}"
EndProject
Global
	GlobalSection(SolutionConfigurationPlatforms) = preSolution
		Debug|Any CPU = Debug|Any CPU
		Release|Any CPU = Release|Any CPU
	EndGlobalSection
	GlobalSection(ProjectConfigurationPlatforms) = postSolution
		{4B069453-AFEE-4BFA-91BB-AFCEF2DF78EB}.Debug|Any CPU.ActiveCfg = Debug|Any CPU
		{4B069453-AFEE-4BFA-91BB-AFCEF2DF78EB}.Debug|Any CPU.Build.0 = Debug|Any CPU
		{4B069453-AFEE-4BFA-91BB-AFCEF2DF78EB}.Release|Any CPU.ActiveCfg = Release|Any CPU
		{4B069453-AFEE-4BFA-91BB-AFCEF2DF78EB}.Release|Any CPU.Build.0 = Release|Any CPU
	EndGlobalSection
	GlobalSection(SolutionProperties) = preSolution
		HideSolutionNode = FALSE
	EndGlobalSection
	GlobalSection(ExtensibilityGlobals) = postSolution
		SolutionGuid = {1157B436-1E85-4AD5-BFF5-DA7912CE0B9A}
	EndGlobalSection
EndGlobal
